
Microsoft Visual Studio Solution File, Format Version 12.00
# Visual Studio Version 16
VisualStudioVersion = 16.0.31025.194
MinimumVisualStudioVersion = 10.0.40219.1
Project("{FAE04EC0-301F-11D3-BF4B-00C04F79EFBC}") = "ClimateSensors", "ClimateSensors.csproj", "{0FF9357A-F4F5-420B-8C43-E9EC0F58CA87}"
EndProject
Global
	GlobalSection(SolutionConfigurationPlatforms) = preSolution
		Debug|Any CPU = Debug|Any CPU
		Release|Any CPU = Release|Any CPU
	EndGlobalSection
	GlobalSection(ProjectConfigurationPlatforms) = postSolution
		{0FF9357A-F4F5-420B-8C43-E9EC0F58CA87}.Debug|Any CPU.ActiveCfg = Debug|Any CPU
		{0FF9357A-F4F5-420B-8C43-E9EC0F58CA87}.Debug|Any CPU.Build.0 = Debug|Any CPU
		{0FF9357A-F4F5-420B-8C43-E9EC0F58CA87}.Release|Any CPU.ActiveCfg = Release|Any CPU
		{0FF9357A-F4F5-420B-8C43-E9EC0F58CA87}.Release|Any CPU.Build.0 = Release|Any CPU
	EndGlobalSection
	GlobalSection(SolutionProperties) = preSolution
		HideSolutionNode = FALSE
	EndGlobalSection
	GlobalSection(ExtensibilityGlobals) = postSolution
		SolutionGuid = {D66CF1B0-9A74-40E1-8E7A-1DD739B769D6}
	EndGlobalSection
EndGlobal
